
Microsoft Visual Studio Solution File, Format Version 12.00
# Visual Studio 15
VisualStudioVersion = 15.0.25807.0
MinimumVisualStudioVersion = 10.0.40219.1
Project("{2150E333-8FDC-42A3-9474-1A3956D46DE8}") = "Engine", "Engine", "{FEB32BBD-B52E-43EA-9EA7-DEF830A90DFB}"
EndProject
Project("{2150E333-8FDC-42A3-9474-1A3956D46DE8}") = "Games", "Games", "{54979A9D-8B3A-4899-A043-BEEC8464B392}"
EndProject
Project("{8BC9CEB8-8B4A-11D0-8D11-00A0C91BC942}") = "BuildingEscape", "Intermediate\ProjectFiles\BuildingEscape.vcxproj", "{05F34AB6-BB84-490B-B130-08BB275AB7DE}"
EndProject
Project("{8BC9CEB8-8B4A-11D0-8D11-00A0C91BC942}") = "UE4", "Intermediate\ProjectFiles\UE4.vcxproj", "{B9E09D74-9AA9-42C4-BC68-C2D17FAABDB2}"
EndProject
Project("{2150E333-8FDC-42A3-9474-1A3956D46DE8}") = "Visualizers", "Visualizers", "{CBA08AC0-00F5-424B-905F-D461ABAF0F06}"
	ProjectSection(SolutionItems) = preProject
		..\..\..\UnrealEngine\UE_4.21\Engine\Extras\VisualStudioDebugging\UE4.natvis = ..\..\..\UnrealEngine\UE_4.21\Engine\Extras\VisualStudioDebugging\UE4.natvis
	EndProjectSection
EndProject
Global
	GlobalSection(SolutionConfigurationPlatforms) = preSolution
		DebugGame Editor|HTML5 = DebugGame Editor|HTML5
		DebugGame Editor|Win32 = DebugGame Editor|Win32
		DebugGame Editor|Win64 = DebugGame Editor|Win64
		DebugGame|HTML5 = DebugGame|HTML5
		DebugGame|Win32 = DebugGame|Win32
		DebugGame|Win64 = DebugGame|Win64
		Development Editor|HTML5 = Development Editor|HTML5
		Development Editor|Win32 = Development Editor|Win32
		Development Editor|Win64 = Development Editor|Win64
		Development|HTML5 = Development|HTML5
		Development|Win32 = Development|Win32
		Development|Win64 = Development|Win64
		Shipping|HTML5 = Shipping|HTML5
		Shipping|Win32 = Shipping|Win32
		Shipping|Win64 = Shipping|Win64
	EndGlobalSection
	GlobalSection(ProjectConfigurationPlatforms) = postSolution
		{05F34AB6-BB84-490B-B130-08BB275AB7DE}.DebugGame Editor|HTML5.ActiveCfg = Invalid|Win32
		{05F34AB6-BB84-490B-B130-08BB275AB7DE}.DebugGame Editor|Win32.ActiveCfg = Invalid|Win32
		{05F34AB6-BB84-490B-B130-08BB275AB7DE}.DebugGame Editor|Win64.ActiveCfg = DebugGame_Editor|x64
		{05F34AB6-BB84-490B-B130-08BB275AB7DE}.DebugGame Editor|Win64.Build.0 = DebugGame_Editor|x64
		{05F34AB6-BB84-490B-B130-08BB275AB7DE}.DebugGame|HTML5.ActiveCfg = HTML5_DebugGame|Win32
		{05F34AB6-BB84-490B-B130-08BB275AB7DE}.DebugGame|HTML5.Build.0 = HTML5_DebugGame|Win32
		{05F34AB6-BB84-490B-B130-08BB275AB7DE}.DebugGame|Win32.ActiveCfg = DebugGame|Win32
		{05F34AB6-BB84-490B-B130-08BB275AB7DE}.DebugGame|Win32.Build.0 = DebugGame|Win32
		{05F34AB6-BB84-490B-B130-08BB275AB7DE}.DebugGame|Win64.ActiveCfg = DebugGame|x64
		{05F34AB6-BB84-490B-B130-08BB275AB7DE}.DebugGame|Win64.Build.0 = DebugGame|x64
		{05F34AB6-BB84-490B-B130-08BB275AB7DE}.Development Editor|HTML5.ActiveCfg = Invalid|Win32
		{05F34AB6-BB84-490B-B130-08BB275AB7DE}.Development Editor|Win32.ActiveCfg = Invalid|Win32
		{05F34AB6-BB84-490B-B130-08BB275AB7DE}.Development Editor|Win64.ActiveCfg = Development_Editor|x64
		{05F34AB6-BB84-490B-B130-08BB275AB7DE}.Development Editor|Win64.Build.0 = Development_Editor|x64
		{05F34AB6-BB84-490B-B130-08BB275AB7DE}.Development|HTML5.ActiveCfg = HTML5_Development|Win32
		{05F34AB6-BB84-490B-B130-08BB275AB7DE}.Development|HTML5.Build.0 = HTML5_Development|Win32
		{05F34AB6-BB84-490B-B130-08BB275AB7DE}.Development|Win32.ActiveCfg = Development|Win32
		{05F34AB6-BB84-490B-B130-08BB275AB7DE}.Development|Win32.Build.0 = Development|Win32
		{05F34AB6-BB84-490B-B130-08BB275AB7DE}.Development|Win64.ActiveCfg = Development|x64
		{05F34AB6-BB84-490B-B130-08BB275AB7DE}.Development|Win64.Build.0 = Development|x64
		{05F34AB6-BB84-490B-B130-08BB275AB7DE}.Shipping|HTML5.ActiveCfg = HTML5_Shipping|Win32
		{05F34AB6-BB84-490B-B130-08BB275AB7DE}.Shipping|HTML5.Build.0 = HTML5_Shipping|Win32
		{05F34AB6-BB84-490B-B130-08BB275AB7DE}.Shipping|Win32.ActiveCfg = Shipping|Win32
		{05F34AB6-BB84-490B-B130-08BB275AB7DE}.Shipping|Win32.Build.0 = Shipping|Win32
		{05F34AB6-BB84-490B-B130-08BB275AB7DE}.Shipping|Win64.ActiveCfg = Shipping|x64
		{05F34AB6-BB84-490B-B130-08BB275AB7DE}.Shipping|Win64.Build.0 = Shipping|x64
		{B9E09D74-9AA9-42C4-BC68-C2D17FAABDB2}.DebugGame Editor|HTML5.ActiveCfg = BuiltWithUnrealBuildTool|Win32
		{B9E09D74-9AA9-42C4-BC68-C2D17FAABDB2}.DebugGame Editor|Win32.ActiveCfg = BuiltWithUnrealBuildTool|Win32
		{B9E09D74-9AA9-42C4-BC68-C2D17FAABDB2}.DebugGame Editor|Win64.ActiveCfg = BuiltWithUnrealBuildTool|Win32
		{B9E09D74-9AA9-42C4-BC68-C2D17FAABDB2}.DebugGame|HTML5.ActiveCfg = BuiltWithUnrealBuildTool|Win32
		{B9E09D74-9AA9-42C4-BC68-C2D17FAABDB2}.DebugGame|Win32.ActiveCfg = BuiltWithUnrealBuildTool|Win32
		{B9E09D74-9AA9-42C4-BC68-C2D17FAABDB2}.DebugGame|Win64.ActiveCfg = BuiltWithUnrealBuildTool|Win32
		{B9E09D74-9AA9-42C4-BC68-C2D17FAABDB2}.Development Editor|HTML5.ActiveCfg = BuiltWithUnrealBuildTool|Win32
		{B9E09D74-9AA9-42C4-BC68-C2D17FAABDB2}.Development Editor|Win32.ActiveCfg = BuiltWithUnrealBuildTool|Win32
		{B9E09D74-9AA9-42C4-BC68-C2D17FAABDB2}.Development Editor|Win64.ActiveCfg = BuiltWithUnrealBuildTool|Win32
		{B9E09D74-9AA9-42C4-BC68-C2D17FAABDB2}.Development|HTML5.ActiveCfg = BuiltWithUnrealBuildTool|Win32
		{B9E09D74-9AA9-42C4-BC68-C2D17FAABDB2}.Development|Win32.ActiveCfg = BuiltWithUnrealBuildTool|Win32
		{B9E09D74-9AA9-42C4-BC68-C2D17FAABDB2}.Development|Win64.ActiveCfg = BuiltWithUnrealBuildTool|Win32
		{B9E09D74-9AA9-42C4-BC68-C2D17FAABDB2}.Shipping|HTML5.ActiveCfg = BuiltWithUnrealBuildTool|Win32
		{B9E09D74-9AA9-42C4-BC68-C2D17FAABDB2}.Shipping|Win32.ActiveCfg = BuiltWithUnrealBuildTool|Win32
		{B9E09D74-9AA9-42C4-BC68-C2D17FAABDB2}.Shipping|Win64.ActiveCfg = BuiltWithUnrealBuildTool|Win32
	EndGlobalSection
	GlobalSection(SolutionProperties) = preSolution
		HideSolutionNode = FALSE
	EndGlobalSection
	GlobalSection(NestedProjects) = preSolution
		{B9E09D74-9AA9-42C4-BC68-C2D17FAABDB2} = {FEB32BBD-B52E-43EA-9EA7-DEF830A90DFB}
		{05F34AB6-BB84-490B-B130-08BB275AB7DE} = {54979A9D-8B3A-4899-A043-BEEC8464B392}
	EndGlobalSection
EndGlobal
